{
  "name": "example",
  "version": "1.0.0",
  "lockfileVersion": 1,
  "requires": true,
  "dependencies": {
    "@types/lodash": {
      "version": "4.14.171",
      "resolved": "https://registry.npmjs.org/@types/lodash/-/lodash-4.14.171.tgz",
      "integrity": "sha512-7eQ2xYLLI/LsicL2nejW9Wyko3lcpN6O/z0ZLHrEQsg280zIdCv1t/0m6UtBjUHokCGBQ3gYTbHzDkZ1xOBwwg=="
    },
    "@types/lodash.uniq": {
      "version": "4.5.6",
      "resolved": "https://registry.npmjs.org/@types/lodash.uniq/-/lodash.uniq-4.5.6.tgz",
      "integrity": "sha512-XHNMXBtiwsWZstZMyxOYjr0e8YYWv0RgPlzIHblTuwBBiWo2MzWVaTBihtBpslb5BglgAWIeBv69qt1+RTRW1A==",
      "requires": {
        "@types/lodash": "*"
      }
    },
    "@types/lodash.zip": {
      "version": "4.2.6",
      "resolved": "https://registry.npmjs.org/@types/lodash.zip/-/lodash.zip-4.2.6.tgz",
      "integrity": "sha512-mKAcnkyFaihVR1oK83ZBQqSSQ1hpAY+uD5QaDkf//xtvr4NlNwqJEDg/oQoqLJg5YdSEwVWlQq0Aq4oLvD3zuw==",
      "requires": {
        "@types/lodash": "*"
      }
    },
    "@uniswap/token-lists": {
      "version": "1.0.0-beta.25",
      "resolved": "https://registry.npmjs.org/@uniswap/token-lists/-/token-lists-1.0.0-beta.25.tgz",
      "integrity": "sha512-XemgUs8YiYP7Xci+Wb8vPSnyxV9aTO6J5XLPzhZmgDFO1RY5JMnB0As8PJFia3Pg9JSRZ7+AahzxowPYhnUVWw=="
    },
    "elf-contracts-typechain": {
      "version": "git+https://github.com/element-fi/elf-contracts-typechain.git#52d96f2caa221354189cef4b1cf0f9b1318e133c",
      "from": "git+https://github.com/element-fi/elf-contracts-typechain.git",
      "requires": {
        "tsc": "^2.0.3"
      }
    },
    "elf-tokenlist": {
      "version": "git+https://github.com/element-fi/elf-tokenlist.git#0d02063c066b265c5b3efeca4e8c3df959b13498",
      "from": "git+https://github.com/element-fi/elf-tokenlist.git",
      "requires": {
        "@types/lodash.uniq": "^4.5.6",
        "@types/lodash.zip": "^4.2.6",
        "@uniswap/token-lists": "^1.0.0-beta.25",
        "elf-contracts-typechain": "git+https://github.com/element-fi/elf-contracts-typechain.git",
        "lodash.uniq": "^4.5.0",
        "lodash.zip": "^4.2.0",
        "tsc": "^2.0.3",
        "tsconfig-paths": "^3.10.1"
      }
    },
    "json5": {
      "version": "2.2.0",
      "resolved": "https://registry.npmjs.org/json5/-/json5-2.2.0.tgz",
      "integrity": "sha512-f+8cldu7X/y7RAJurMEJmdoKXGB/X550w2Nr3tTbezL6RwEE/iMcm+tZnXeoZtKuOq6ft8+CqzEkrIgx1fPoQA==",
      "requires": {
        "minimist": "^1.2.5"
      }
    },
    "lodash.uniq": {
      "version": "4.5.0",
      "resolved": "https://registry.npmjs.org/lodash.uniq/-/lodash.uniq-4.5.0.tgz",
      "integrity": "sha1-0CJTc662Uq3BvILklFM5qEJ1R3M="
    },
    "lodash.zip": {
      "version": "4.2.0",
      "resolved": "https://registry.npmjs.org/lodash.zip/-/lodash.zip-4.2.0.tgz",
      "integrity": "sha1-7GZi5IlkCO1KtsVCo5kLcswIACA="
    },
    "minimist": {
      "version": "1.2.5",
      "resolved": "https://registry.npmjs.org/minimist/-/minimist-1.2.5.tgz",
      "integrity": "sha512-FM9nNUYrRBAELZQT3xeZQ7fmMOBg6nWNmJKTcgsJeaLstP/UODVpGsr5OhXhhXg6f+qtJ8uiZ+PUxkDWcgIXLw=="
    },
    "strip-bom": {
      "version": "3.0.0",
      "resolved": "https://registry.npmjs.org/strip-bom/-/strip-bom-3.0.0.tgz",
      "integrity": "sha1-IzTBjpx1n3vdVv3vfprj1YjmjtM="
    },
    "tsc": {
      "version": "2.0.3",
      "resolved": "https://registry.npmjs.org/tsc/-/tsc-2.0.3.tgz",
      "integrity": "sha512-SN+9zBUtrpUcOpaUO7GjkEHgWtf22c7FKbKCA4e858eEM7Qz86rRDpgOU2lBIDf0fLCsEg65ms899UMUIB2+Ow=="
    },
    "tsconfig-paths": {
      "version": "3.10.1",
      "resolved": "https://registry.npmjs.org/tsconfig-paths/-/tsconfig-paths-3.10.1.tgz",
      "integrity": "sha512-rETidPDgCpltxF7MjBZlAFPUHv5aHH2MymyPvh+vEyWAED4Eb/WeMbsnD/JDr4OKPOA1TssDHgIcpTN5Kh0p6Q==",
      "requires": {
        "json5": "^2.2.0",
        "minimist": "^1.2.0",
        "strip-bom": "^3.0.0"
      }
    }
  }
}
